PODS:
  - FLAnimatedImage (1.0.12)
  - GPUImage (0.1.7)
  - Masonry (1.1.0)
  - SDWebImage (5.9.4):
    - SDWebImage/Core (= 5.9.4)
  - SDWebImage/Core (5.9.4)
  - SDWebImageFLPlugin (0.4.0):
    - FLAnimatedImage (>= 1.0.11)
    - SDWebImage/Core (~> 5.6)

DEPENDENCIES:
  - GPUImage
  - Masonry (~> 1.1.0)
  - SDWebImage
  - SDWebImageFLPlugin

SPEC REPOS:
  trunk:
    - FLAnimatedImage
    - GPUImage
    - Masonry
    - SDWebImage
    - SDWebImageFLPlugin

SPEC CHECKSUMS:
  FLAnimatedImage: 4a0b56255d9b05f18b6dd7ee06871be5d3b89e31
  GPUImage: 733a5f0fab92df9de1c37ba9df520a833ccb406d
  Masonry: 678fab65091a9290e40e2832a55e7ab731aad201
  SDWebImage: b69257f4ab14e9b6a2ef53e910fdf914d8f757c1
  SDWebImageFLPlugin: 6c2295fb1242d44467c6c87dc5db6b0a13228fd8

PODFILE CHECKSUM: 54aa30d9331b52f6a5fc04dbfd2b03c4f336de35

COCOAPODS: 1.10.0
